
Microsoft Visual Studio Solution File, Format Version 12.00
# Visual Studio Version 17
VisualStudioVersion = 17.8.34511.84
MinimumVisualStudioVersion = 10.0.40219.1
Project("{FAE04EC0-301F-11D3-BF4B-00C04F79EFBC}") = "MvcMovie", "MvcMovie\MvcMovie.csproj", "{EF507BE2-7197-4038-9030-BBDE2BF95D7A}"
EndProject
Global
	GlobalSection(SolutionConfigurationPlatforms) = preSolution
		Debug|Any CPU = Debug|Any CPU
		Release|Any CPU = Release|Any CPU
	EndGlobalSection
	GlobalSection(ProjectConfigurationPlatforms) = postSolution
		{EF507BE2-7197-4038-9030-BBDE2BF95D7A}.Debug|Any CPU.ActiveCfg = Debug|Any CPU
		{EF507BE2-7197-4038-9030-BBDE2BF95D7A}.Debug|Any CPU.Build.0 = Debug|Any CPU
		{EF507BE2-7197-4038-9030-BBDE2BF95D7A}.Release|Any CPU.ActiveCfg = Release|Any CPU
		{EF507BE2-7197-4038-9030-BBDE2BF95D7A}.Release|Any CPU.Build.0 = Release|Any CPU
	EndGlobalSection
	GlobalSection(SolutionProperties) = preSolution
		HideSolutionNode = FALSE
	EndGlobalSection
	GlobalSection(ExtensibilityGlobals) = postSolution
		SolutionGuid = {3116C1E9-8FF1-4655-BA98-7C0A458441E1}
	EndGlobalSection
EndGlobal
